// !$*UTF8*$!
{
	archiveVersion = 1;
	classes = {
	};
	objectVersion = 50;
	objects = {

/* Begin PBXBuildFile section */
		A3F6EC45223CA106004448AA /* AppDelegate.swift in Sources */ = {isa = PBXBuildFile; fileRef = A3F6EC44223CA106004448AA /* AppDelegate.swift */; };
		A3F6EC47223CA106004448AA /* ViewController.swift in Sources */ = {isa = PBXBuildFile; fileRef = A3F6EC46223CA106004448AA /* ViewController.swift */; };
		A3F6EC4A223CA106004448AA /* Main.storyboard in Resources */ = {isa = PBXBuildFile; fileRef = A3F6EC48223CA106004448AA /* Main.storyboard */; };
		A3F6EC4C223CA107004448AA /* Assets.xcassets in Resources */ = {isa = PBXBuildFile; fileRef = A3F6EC4B223CA107004448AA /* Assets.xcassets */; };
		A3F6EC4F223CA107004448AA /* LaunchScreen.storyboard in Resources */ = {isa = PBXBuildFile; fileRef = A3F6EC4D223CA107004448AA /* LaunchScreen.storyboard */; };
		A3F6EC5A223CA107004448AA /* BMI_calculationTests.swift in Sources */ = {isa = PBXBuildFile; fileRef = A3F6EC59223CA107004448AA /* BMI_calculationTests.swift */; };
		A3F6EC65223CA107004448AA /* BMI_calculationUITests.swift in Sources */ = {isa = PBXBuildFile; fileRef = A3F6EC64223CA107004448AA /* BMI_calculationUITests.swift */; };
		A3F6EC73223CBE89004448AA /* BMI_model.swift in Sources */ = {isa = PBXBuildFile; fileRef = A3F6EC72223CBE89004448AA /* BMI_model.swift */; };
/* End PBXBuildFile section */

/* Begin PBXContainerItemProxy section */
		A3F6EC56223CA107004448AA /* PBXContainerItemProxy */ = {
			isa = PBXContainerItemProxy;
			containerPortal = A3F6EC39223CA106004448AA /* Project object */;
			proxyType = 1;
			remoteGlobalIDString = A3F6EC40223CA106004448AA;
			remoteInfo = BMI_calculation;
		};
		A3F6EC61223CA107004448AA /* PBXContainerItemProxy */ = {
			isa = PBXContainerItemProxy;
			containerPortal = A3F6EC39223CA106004448AA /* Project object */;
			proxyType = 1;
			remoteGlobalIDString = A3F6EC40223CA106004448AA;
			remoteInfo = BMI_calculation;
		};
/* End PBXContainerItemProxy section */

/* Begin PBXFileReference section */
		A3F6EC41223CA106004448AA /* BMI_calculation.app */ = {isa = PBXFileReference; explicitFileType = wrapper.application; includeInIndex = 0; path = BMI_calculation.app; sourceTree = BUILT_PRODUCTS_DIR; };
		A3F6EC44223CA106004448AA /* AppDelegate.swift */ = {isa = PBXFileReference; lastKnownFileType = sourcecode.swift; path = AppDelegate.swift; sourceTree = "<group>"; };
		A3F6EC46223CA106004448AA /* ViewController.swift */ = {isa = PBXFileReference; lastKnownFileType = sourcecode.swift; path = ViewController.swift; sourceTree = "<group>"; };
		A3F6EC49223CA106004448AA /* Base */ = {isa = PBXFileReference; lastKnownFileType = file.storyboard; name = Base; path = Base.lproj/Main.storyboard; sourceTree = "<group>"; };
		A3F6EC4B223CA107004448AA /* Assets.xcassets */ = {isa = PBXFileReference; lastKnownFileType = folder.assetcatalog; path = Assets.xcassets; sourceTree = "<group>"; };
		A3F6EC4E223CA107004448AA /* Base */ = {isa = PBXFileReference; lastKnownFileType = file.storyboard; name = Base; path = Base.lproj/LaunchScreen.storyboard; sourceTree = "<group>"; };
		A3F6EC50223CA107004448AA /* Info.plist */ = {isa = PBXFileReference; lastKnownFileType = text.plist.xml; path = Info.plist; sourceTree = "<group>"; };
		A3F6EC55223CA107004448AA /* BMI_calculationTests.xctest */ = {isa = PBXFileReference; explicitFileType = wrapper.cfbundle; includeInIndex = 0; path = BMI_calculationTests.xctest; sourceTree = BUILT_PRODUCTS_DIR; };
		A3F6EC59223CA107004448AA /* BMI_calculationTests.swift */ = {isa = PBXFileReference; lastKnownFileType = sourcecode.swift; path = BMI_calculationTests.swift; sourceTree = "<group>"; };
		A3F6EC5B223CA107004448AA /* Info.plist */ = {isa = PBXFileReference; lastKnownFileType = text.plist.xml; path = Info.plist; sourceTree = "<group>"; };
		A3F6EC60223CA107004448AA /* BMI_calculationUITests.xctest */ = {isa = PBXFileReference; explicitFileType = wrapper.cfbundle; includeInIndex = 0; path = BMI_calculationUITests.xctest; sourceTree = BUILT_PRODUCTS_DIR; };
		A3F6EC64223CA107004448AA /* BMI_calculationUITests.swift */ = {isa = PBXFileReference; lastKnownFileType = sourcecode.swift; path = BMI_calculationUITests.swift; sourceTree = "<group>"; };
		A3F6EC66223CA107004448AA /* Info.plist */ = {isa = PBXFileReference; lastKnownFileType = text.plist.xml; path = Info.plist; sourceTree = "<group>"; };
		A3F6EC72223CBE89004448AA /* BMI_model.swift */ = {isa = PBXFileReference; lastKnownFileType = sourcecode.swift; path = BMI_model.swift; sourceTree = "<group>"; };
/* End PBXFileReference section */

/* Begin PBXFrameworksBuildPhase section */
		A3F6EC3E223CA106004448AA /* Frameworks */ = {
			isa = PBXFrameworksBuildPhase;
			buildActionMask = 2147483647;
			files = (
			);
			runOnlyForDeploymentPostprocessing = 0;
		};
		A3F6EC52223CA107004448AA /* Frameworks */ = {
			isa = PBXFrameworksBuildPhase;
			buildActionMask = 2147483647;
			files = (
			);
			runOnlyForDeploymentPostprocessing = 0;
		};
		A3F6EC5D223CA107004448AA /* Frameworks */ = {
			isa = PBXFrameworksBuildPhase;
			buildActionMask = 2147483647;
			files = (
			);
			runOnlyForDeploymentPostprocessing = 0;
		};
/* End PBXFrameworksBuildPhase section */

/* Begin PBXGroup section */
		A3F6EC38223CA106004448AA = {
			isa = PBXGroup;
			children = (
				A3F6EC43223CA106004448AA /* BMI_calculation */,
				A3F6EC58223CA107004448AA /* BMI_calculationTests */,
				A3F6EC63223CA107004448AA /* BMI_calculationUITests */,
				A3F6EC42223CA106004448AA /* Products */,
			);
			sourceTree = "<group>";
		};
		A3F6EC42223CA106004448AA /* Products */ = {
			isa = PBXGroup;
			children = (
				A3F6EC41223CA106004448AA /* BMI_calculation.app */,
				A3F6EC55223CA107004448AA /* BMI_calculationTests.xctest */,
				A3F6EC60223CA107004448AA /* BMI_calculationUITests.xctest */,
			);
			name = Products;
			sourceTree = "<group>";
		};
		A3F6EC43223CA106004448AA /* BMI_calculation */ = {
			isa = PBXGroup;
			children = (
				A3F6EC44223CA106004448AA /* AppDelegate.swift */,
				A3F6EC46223CA106004448AA /* ViewController.swift */,
				A3F6EC48223CA106004448AA /* Main.storyboard */,
				A3F6EC72223CBE89004448AA /* BMI_model.swift */,
				A3F6EC4B223CA107004448AA /* Assets.xcassets */,
				A3F6EC4D223CA107004448AA /* LaunchScreen.storyboard */,
				A3F6EC50223CA107004448AA /* Info.plist */,
			);
			path = BMI_calculation;
			sourceTree = "<group>";
		};
		A3F6EC58223CA107004448AA /* BMI_calculationTests */ = {
			isa = PBXGroup;
			children = (
				A3F6EC59223CA107004448AA /* BMI_calculationTests.swift */,
				A3F6EC5B223CA107004448AA /* Info.plist */,
			);
			path = BMI_calculationTests;
			sourceTree = "<group>";
		};
		A3F6EC63223CA107004448AA /* BMI_calculationUITests */ = {
			isa = PBXGroup;
			children = (
				A3F6EC64223CA107004448AA /* BMI_calculationUITests.swift */,
				A3F6EC66223CA107004448AA /* Info.plist */,
			);
			path = BMI_calculationUITests;
			sourceTree = "<group>";
		};
/* End PBXGroup section */

/* Begin PBXNativeTarget section */
		A3F6EC40223CA106004448AA /* BMI_calculation */ = {
			isa = PBXNativeTarget;
			buildConfigurationList = A3F6EC69223CA107004448AA /* Build configuration list for PBXNativeTarget "BMI_calculation" */;
			buildPhases = (
				A3F6EC3D223CA106004448AA /* Sources */,
				A3F6EC3E223CA106004448AA /* Frameworks */,
				A3F6EC3F223CA106004448AA /* Resources */,
			);
			buildRules = (
			);
			dependencies = (
			);
			name = BMI_calculation;
			productName = BMI_calculation;
			productReference = A3F6EC41223CA106004448AA /* BMI_calculation.app */;
			productType = "com.apple.product-type.application";
		};
		A3F6EC54223CA107004448AA /* BMI_calculationTests */ = {
			isa = PBXNativeTarget;
			buildConfigurationList = A3F6EC6C223CA107004448AA /* Build configuration list for PBXNativeTarget "BMI_calculationTests" */;
			buildPhases = (
				A3F6EC51223CA107004448AA /* Sources */,
				A3F6EC52223CA107004448AA /* Frameworks */,
				A3F6EC53223CA107004448AA /* Resources */,
			);
			buildRules = (
			);
			dependencies = (
				A3F6EC57223CA107004448AA /* PBXTargetDependency */,
			);
			name = BMI_calculationTests;
			productName = BMI_calculationTests;
			productReference = A3F6EC55223CA107004448AA /* BMI_calculationTests.xctest */;
			productType = "com.apple.product-type.bundle.unit-test";
		};
		A3F6EC5F223CA107004448AA /* BMI_calculationUITests */ = {
			isa = PBXNativeTarget;
			buildConfigurationList = A3F6EC6F223CA107004448AA /* Build configuration list for PBXNativeTarget "BMI_calculationUITests" */;
			buildPhases = (
				A3F6EC5C223CA107004448AA /* Sources */,
				A3F6EC5D223CA107004448AA /* Frameworks */,
				A3F6EC5E223CA107004448AA /* Resources */,
			);
			buildRules = (
			);
			dependencies = (
				A3F6EC62223CA107004448AA /* PBXTargetDependency */,
			);
			name = BMI_calculationUITests;
			productName = BMI_calculationUITests;
			productReference = A3F6EC60223CA107004448AA /* BMI_calculationUITests.xctest */;
			productType = "com.apple.product-type.bundle.ui-testing";
		};
/* End PBXNativeTarget section */

/* Begin PBXProject section */
		A3F6EC39223CA106004448AA /* Project object */ = {
			isa = PBXProject;
			attributes = {
				LastSwiftUpdateCheck = 1010;
				LastUpgradeCheck = 1010;
				ORGANIZATIONNAME = sunny;
				TargetAttributes = {
					A3F6EC40223CA106004448AA = {
						CreatedOnToolsVersion = 10.1;
					};
					A3F6EC54223CA107004448AA = {
						CreatedOnToolsVersion = 10.1;
						TestTargetID = A3F6EC40223CA106004448AA;
					};
					A3F6EC5F223CA107004448AA = {
						CreatedOnToolsVersion = 10.1;
						TestTargetID = A3F6EC40223CA106004448AA;
					};
				};
			};
			buildConfigurationList = A3F6EC3C223CA106004448AA /* Build configuration list for PBXProject "BMI_calculation" */;
			compatibilityVersion = "Xcode 9.3";
			developmentRegion = en;
			hasScannedForEncodings = 0;
			knownRegions = (
				en,
				Base,
			);
			mainGroup = A3F6EC38223CA106004448AA;
			productRefGroup = A3F6EC42223CA106004448AA /* Products */;
			projectDirPath = "";
			projectRoot = "";
			targets = (
				A3F6EC40223CA106004448AA /* BMI_calculation */,
				A3F6EC54223CA107004448AA /* BMI_calculationTests */,
				A3F6EC5F223CA107004448AA /* BMI_calculationUITests */,
			);
		};
/* End PBXProject section */

/* Begin PBXResourcesBuildPhase section */
		A3F6EC3F223CA106004448AA /* Resources */ = {
			isa = PBXResourcesBuildPhase;
			buildActionMask = 2147483647;
			files = (
				A3F6EC4F223CA107004448AA /* LaunchScreen.storyboard in Resources */,
				A3F6EC4C223CA107004448AA /* Assets.xcassets in Resources */,
				A3F6EC4A223CA106004448AA /* Main.storyboard in Resources */,
			);
			runOnlyForDeploymentPostprocessing = 0;
		};
		A3F6EC53223CA107004448AA /* Resources */ = {
			isa = PBXResourcesBuildPhase;
			buildActionMask = 2147483647;
			files = (
			);
			runOnlyForDeploymentPostprocessing = 0;
		};
		A3F6EC5E223CA107004448AA /* Resources */ = {
			isa = PBXResourcesBuildPhase;
			buildActionMask = 2147483647;
			files = (
			);
			runOnlyForDeploymentPostprocessing = 0;
		};
/* End PBXResourcesBuildPhase section */

/* Begin PBXSourcesBuildPhase section */
		A3F6EC3D223CA106004448AA /* Sources */ = {
			isa = PBXSourcesBuildPhase;
			buildActionMask = 2147483647;
			files = (
				A3F6EC73223CBE89004448AA /* BMI_model.swift in Sources */,
				A3F6EC47223CA106004448AA /* ViewController.swift in Sources */,
				A3F6EC45223CA106004448AA /* AppDelegate.swift in Sources */,
			);
			runOnlyForDeploymentPostprocessing = 0;
		};
		A3F6EC51223CA107004448AA /* Sources */ = {
			isa = PBXSourcesBuildPhase;
			buildActionMask = 2147483647;
			files = (
				A3F6EC5A223CA107004448AA /* BMI_calculationTests.swift in Sources */,
			);
			runOnlyForDeploymentPostprocessing = 0;
		};
		A3F6EC5C223CA107004448AA /* Sources */ = {
			isa = PBXSourcesBuildPhase;
			buildActionMask = 2147483647;
			files = (
				A3F6EC65223CA107004448AA /* BMI_calculationUITests.swift in Sources */,
			);
			runOnlyForDeploymentPostprocessing = 0;
		};
/* End PBXSourcesBuildPhase section */

/* Begin PBXTargetDependency section */
		A3F6EC57223CA107004448AA /* PBXTargetDependency */ = {
			isa = PBXTargetDependency;
			target = A3F6EC40223CA106004448AA /* BMI_calculation */;
			targetProxy = A3F6EC56223CA107004448AA /* PBXContainerItemProxy */;
		};
		A3F6EC62223CA107004448AA /* PBXTargetDependency */ = {
			isa = PBXTargetDependency;
			target = A3F6EC40223CA106004448AA /* BMI_calculation */;
			targetProxy = A3F6EC61223CA107004448AA /* PBXContainerItemProxy */;
		};
/* End PBXTargetDependency section */

/* Begin PBXVariantGroup section */
		A3F6EC48223CA106004448AA /* Main.storyboard */ = {
			isa = PBXVariantGroup;
			children = (
				A3F6EC49223CA106004448AA /* Base */,
			);
			name = Main.storyboard;
			sourceTree = "<group>";
		};
		A3F6EC4D223CA107004448AA /* LaunchScreen.storyboard */ = {
			isa = PBXVariantGroup;
			children = (
				A3F6EC4E223CA107004448AA /* Base */,
			);
			name = LaunchScreen.storyboard;
			sourceTree = "<group>";
		};
/* End PBXVariantGroup section */

/* Begin XCBuildConfiguration section */
		A3F6EC67223CA107004448AA /* Debug */ = {
			isa = XCBuildConfiguration;
			buildSettings = {
				ALWAYS_SEARCH_USER_PATHS = NO;
				CLANG_ANALYZER_NONNULL = YES;
				CLANG_ANALYZER_NUMBER_OBJECT_CONVERSION = YES_AGGRESSIVE;
				CLANG_CXX_LANGUAGE_STANDARD = "gnu++14";
				CLANG_CXX_LIBRARY = "libc++";
				CLANG_ENABLE_MODULES = YES;
				CLANG_ENABLE_OBJC_ARC = YES;
				CLANG_ENABLE_OBJC_WEAK = YES;
				CLANG_WARN_BLOCK_CAPTURE_AUTORELEASING = YES;
				CLANG_WARN_BOOL_CONVERSION = YES;
				CLANG_WARN_COMMA = YES;
				CLANG_WARN_CONSTANT_CONVERSION = YES;
				CLANG_WARN_DEPRECATED_OBJC_IMPLEMENTATIONS = YES;
				CLANG_WARN_DIRECT_OBJC_ISA_USAGE = YES_ERROR;
				CLANG_WARN_DOCUMENTATION_COMMENTS = YES;
				CLANG_WARN_EMPTY_BODY = YES;
				CLANG_WARN_ENUM_CONVERSION = YES;
				CLANG_WARN_INFINITE_RECURSION = YES;
				CLANG_WARN_INT_CONVERSION = YES;
				CLANG_WARN_NON_LITERAL_NULL_CONVERSION = YES;
				CLANG_WARN_OBJC_IMPLICIT_RETAIN_SELF = YES;
				CLANG_WARN_OBJC_LITERAL_CONVERSION = YES;
				CLANG_WARN_OBJC_ROOT_CLASS = YES_ERROR;
				CLANG_WARN_RANGE_LOOP_ANALYSIS = YES;
				CLANG_WARN_STRICT_PROTOTYPES = YES;
				CLANG_WARN_SUSPICIOUS_MOVE = YES;
				CLANG_WARN_UNGUARDED_AVAILABILITY = YES_AGGRESSIVE;
				CLANG_WARN_UNREACHABLE_CODE = YES;
				CLANG_WARN__DUPLICATE_METHOD_MATCH = YES;
				CODE_SIGN_IDENTITY = "iPhone Developer";
				COPY_PHASE_STRIP = NO;
				DEBUG_INFORMATION_FORMAT = dwarf;
				ENABLE_STRICT_OBJC_MSGSEND = YES;
				ENABLE_TESTABILITY = YES;
				GCC_C_LANGUAGE_STANDARD = gnu11;
				GCC_DYNAMIC_NO_PIC = NO;
				GCC_NO_COMMON_BLOCKS = YES;
				GCC_OPTIMIZATION_LEVEL = 0;
				GCC_PREPROCESSOR_DEFINITIONS = (
					"DEBUG=1",
					"$(inherited)",
				);
				GCC_WARN_64_TO_32_BIT_CONVERSION = YES;
				GCC_WARN_ABOUT_RETURN_TYPE = YES_ERROR;
				GCC_WARN_UNDECLARED_SELECTOR = YES;
				GCC_WARN_UNINITIALIZED_AUTOS = YES_AGGRESSIVE;
				GCC_WARN_UNUSED_FUNCTION = YES;
				GCC_WARN_UNUSED_VARIABLE = YES;
				IPHONEOS_DEPLOYMENT_TARGET = 12.1;
				MTL_ENABLE_DEBUG_INFO = INCLUDE_SOURCE;
				MTL_FAST_MATH = YES;
				ONLY_ACTIVE_ARCH = YES;
				SDKROOT = iphoneos;
				SWIFT_ACTIVE_COMPILATION_CONDITIONS = DEBUG;
				SWIFT_OPTIMIZATION_LEVEL = "-Onone";
			};
			name = Debug;
		};
		A3F6EC68223CA107004448AA /* Release */ = {
			isa = XCBuildConfiguration;
			buildSettings = {
				ALWAYS_SEARCH_USER_PATHS = NO;
				CLANG_ANALYZER_NONNULL = YES;
				CLANG_ANALYZER_NUMBER_OBJECT_CONVERSION = YES_AGGRESSIVE;
				CLANG_CXX_LANGUAGE_STANDARD = "gnu++14";
				CLANG_CXX_LIBRARY = "libc++";
				CLANG_ENABLE_MODULES = YES;
				CLANG_ENABLE_OBJC_ARC = YES;
				CLANG_ENABLE_OBJC_WEAK = YES;
				CLANG_WARN_BLOCK_CAPTURE_AUTORELEASING = YES;
				CLANG_WARN_BOOL_CONVERSION = YES;
				CLANG_WARN_COMMA = YES;
				CLANG_WARN_CONSTANT_CONVERSION = YES;
				CLANG_WARN_DEPRECATED_OBJC_IMPLEMENTATIONS = YES;
				CLANG_WARN_DIRECT_OBJC_ISA_USAGE = YES_ERROR;
				CLANG_WARN_DOCUMENTATION_COMMENTS = YES;
				CLANG_WARN_EMPTY_BODY = YES;
				CLANG_WARN_ENUM_CONVERSION = YES;
				CLANG_WARN_INFINITE_RECURSION = YES;
				CLANG_WARN_INT_CONVERSION = YES;
				CLANG_WARN_NON_LITERAL_NULL_CONVERSION = YES;
				CLANG_WARN_OBJC_IMPLICIT_RETAIN_SELF = YES;
				CLANG_WARN_OBJC_LITERAL_CONVERSION = YES;
				CLANG_WARN_OBJC_ROOT_CLASS = YES_ERROR;
				CLANG_WARN_RANGE_LOOP_ANALYSIS = YES;
				CLANG_WARN_STRICT_PROTOTYPES = YES;
				CLANG_WARN_SUSPICIOUS_MOVE = YES;
				CLANG_WARN_UNGUARDED_AVAILABILITY = YES_AGGRESSIVE;
				CLANG_WARN_UNREACHABLE_CODE = YES;
				CLANG_WARN__DUPLICATE_METHOD_MATCH = YES;
				CODE_SIGN_IDENTITY = "iPhone Developer";
				COPY_PHASE_STRIP = NO;
				DEBUG_INFORMATION_FORMAT = "dwarf-with-dsym";
				ENABLE_NS_ASSERTIONS = NO;
				ENABLE_STRICT_OBJC_MSGSEND = YES;
				GCC_C_LANGUAGE_STANDARD = gnu11;
				GCC_NO_COMMON_BLOCKS = YES;
				GCC_WARN_64_TO_32_BIT_CONVERSION = YES;
				GCC_WARN_ABOUT_RETURN_TYPE = YES_ERROR;
				GCC_WARN_UNDECLARED_SELECTOR = YES;
				GCC_WARN_UNINITIALIZED_AUTOS = YES_AGGRESSIVE;
				GCC_WARN_UNUSED_FUNCTION = YES;
				GCC_WARN_UNUSED_VARIABLE = YES;
				IPHONEOS_DEPLOYMENT_TARGET = 12.1;
				MTL_ENABLE_DEBUG_INFO = NO;
				MTL_FAST_MATH = YES;
				SDKROOT = iphoneos;
				SWIFT_COMPILATION_MODE = wholemodule;
				SWIFT_OPTIMIZATION_LEVEL = "-O";
				VALIDATE_PRODUCT = YES;
			};
			name = Release;
		};
		A3F6EC6A223CA107004448AA /* Debug */ = {
			isa = XCBuildConfiguration;
			buildSettings = {
				ASSETCATALOG_COMPILER_APPICON_NAME = AppIcon;
				CODE_SIGN_STYLE = Automatic;
				DEVELOPMENT_TEAM = L8J23M2B3X;
				INFOPLIST_FILE = BMI_calculation/Info.plist;
				LD_RUNPATH_SEARCH_PATHS = (
					"$(inherited)",
					"@executable_path/Frameworks",
				);
				PRODUCT_BUNDLE_IDENTIFIER = "sunny.com.BMI-calculation";
				PRODUCT_NAME = "$(TARGET_NAME)";
				SWIFT_VERSION = 4.2;
				TARGETED_DEVICE_FAMILY = "1,2";
			};
			name = Debug;
		};
		A3F6EC6B223CA107004448AA /* Release */ = {
			isa = XCBuildConfiguration;
			buildSettings = {
				ASSETCATALOG_COMPILER_APPICON_NAME = AppIcon;
				CODE_SIGN_STYLE = Automatic;
				DEVELOPMENT_TEAM = L8J23M2B3X;
				INFOPLIST_FILE = BMI_calculation/Info.plist;
				LD_RUNPATH_SEARCH_PATHS = (
					"$(inherited)",
					"@executable_path/Frameworks",
				);
				PRODUCT_BUNDLE_IDENTIFIER = "sunny.com.BMI-calculation";
				PRODUCT_NAME = "$(TARGET_NAME)";
				SWIFT_VERSION = 4.2;
				TARGETED_DEVICE_FAMILY = "1,2";
			};
			name = Release;
		};
		A3F6EC6D223CA107004448AA /* Debug */ = {
			isa = XCBuildConfiguration;
			buildSettings = {
				ALWAYS_EMBED_SWIFT_STANDARD_LIBRARIES = YES;
				BUNDLE_LOADER = "$(TEST_HOST)";
				CODE_SIGN_STYLE = Automatic;
				DEVELOPMENT_TEAM = L8J23M2B3X;
				INFOPLIST_FILE = BMI_calculationTests/Info.plist;
				LD_RUNPATH_SEARCH_PATHS = (
					"$(inherited)",
					"@executable_path/Frameworks",
					"@loader_path/Frameworks",
				);
				PRODUCT_BUNDLE_IDENTIFIER = "sunny.com.BMI-calculationTests";
				PRODUCT_NAME = "$(TARGET_NAME)";
				SWIFT_VERSION = 4.2;
				TARGETED_DEVICE_FAMILY = "1,2";
				TEST_HOST = "$(BUILT_PRODUCTS_DIR)/BMI_calculation.app/BMI_calculation";
			};
			name = Debug;
		};
		A3F6EC6E223CA107004448AA /* Release */ = {
			isa = XCBuildConfiguration;
			buildSettings = {
				ALWAYS_EMBED_SWIFT_STANDARD_LIBRARIES = YES;
				BUNDLE_LOADER = "$(TEST_HOST)";
				CODE_SIGN_STYLE = Automatic;
				DEVELOPMENT_TEAM = L8J23M2B3X;
				INFOPLIST_FILE = BMI_calculationTests/Info.plist;
				LD_RUNPATH_SEARCH_PATHS = (
					"$(inherited)",
					"@executable_path/Frameworks",
					"@loader_path/Frameworks",
				);
				PRODUCT_BUNDLE_IDENTIFIER = "sunny.com.BMI-calculationTests";
				PRODUCT_NAME = "$(TARGET_NAME)";
				SWIFT_VERSION = 4.2;
				TARGETED_DEVICE_FAMILY = "1,2";
				TEST_HOST = "$(BUILT_PRODUCTS_DIR)/BMI_calculation.app/BMI_calculation";
			};
			name = Release;
		};
		A3F6EC70223CA107004448AA /* Debug */ = {
			isa = XCBuildConfiguration;
			buildSettings = {
				ALWAYS_EMBED_SWIFT_STANDARD_LIBRARIES = YES;
				CODE_SIGN_STYLE = Automatic;
				DEVELOPMENT_TEAM = L8J23M2B3X;
				INFOPLIST_FILE = BMI_calculationUITests/Info.plist;
				LD_RUNPATH_SEARCH_PATHS = (
					"$(inherited)",
					"@executable_path/Frameworks",
					"@loader_path/Frameworks",
				);
				PRODUCT_BUNDLE_IDENTIFIER = "sunny.com.BMI-calculationUITests";
				PRODUCT_NAME = "$(TARGET_NAME)";
				SWIFT_VERSION = 4.2;
				TARGETED_DEVICE_FAMILY = "1,2";
				TEST_TARGET_NAME = BMI_calculation;
			};
			name = Debug;
		};
		A3F6EC71223CA107004448AA /* Release */ = {
			isa = XCBuildConfiguration;
			buildSettings = {
				ALWAYS_EMBED_SWIFT_STANDARD_LIBRARIES = YES;
				CODE_SIGN_STYLE = Automatic;
				DEVELOPMENT_TEAM = L8J23M2B3X;
				INFOPLIST_FILE = BMI_calculationUITests/Info.plist;
				LD_RUNPATH_SEARCH_PATHS = (
					"$(inherited)",
					"@executable_path/Frameworks",
					"@loader_path/Frameworks",
				);
				PRODUCT_BUNDLE_IDENTIFIER = "sunny.com.BMI-calculationUITests";
				PRODUCT_NAME = "$(TARGET_NAME)";
				SWIFT_VERSION = 4.2;
				TARGETED_DEVICE_FAMILY = "1,2";
				TEST_TARGET_NAME = BMI_calculation;
			};
			name = Release;
		};
/* End XCBuildConfiguration section */

/* Begin XCConfigurationList section */
		A3F6EC3C223CA106004448AA /* Build configuration list for PBXProject "BMI_calculation" */ = {
			isa = XCConfigurationList;
			buildConfigurations = (
				A3F6EC67223CA107004448AA /* Debug */,
				A3F6EC68223CA107004448AA /* Release */,
			);
			defaultConfigurationIsVisible = 0;
			defaultConfigurationName = Release;
		};
		A3F6EC69223CA107004448AA /* Build configuration list for PBXNativeTarget "BMI_calculation" */ = {
			isa = XCConfigurationList;
			buildConfigurations = (
				A3F6EC6A223CA107004448AA /* Debug */,
				A3F6EC6B223CA107004448AA /* Release */,
			);
			defaultConfigurationIsVisible = 0;
			defaultConfigurationName = Release;
		};
		A3F6EC6C223CA107004448AA /* Build configuration list for PBXNativeTarget "BMI_calculationTests" */ = {
			isa = XCConfigurationList;
			buildConfigurations = (
				A3F6EC6D223CA107004448AA /* Debug */,
				A3F6EC6E223CA107004448AA /* Release */,
			);
			defaultConfigurationIsVisible = 0;
			defaultConfigurationName = Release;
		};
		A3F6EC6F223CA107004448AA /* Build configuration list for PBXNativeTarget "BMI_calculationUITests" */ = {
			isa = XCConfigurationList;
			buildConfigurations = (
				A3F6EC70223CA107004448AA /* Debug */,
				A3F6EC71223CA107004448AA /* Release */,
			);
			defaultConfigurationIsVisible = 0;
			defaultConfigurationName = Release;
		};
/* End XCConfigurationList section */
	};
	rootObject = A3F6EC39223CA106004448AA /* Project object */;
}
