// !$*UTF8*$!
{
	archiveVersion = 1;
	classes = {
	};
	objectVersion = 50;
	objects = {

/* Begin PBXBuildFile section */
		A396E73722A792B10034B9BC /* AppDelegate.swift in Sources */ = {isa = PBXBuildFile; fileRef = A396E73622A792B10034B9BC /* AppDelegate.swift */; };
		A396E73922A792B10034B9BC /* ViewController.swift in Sources */ = {isa = PBXBuildFile; fileRef = A396E73822A792B10034B9BC /* ViewController.swift */; };
		A396E73C22A792B10034B9BC /* Main.storyboard in Resources */ = {isa = PBXBuildFile; fileRef = A396E73A22A792B10034B9BC /* Main.storyboard */; };
		A396E73E22A792B30034B9BC /* Assets.xcassets in Resources */ = {isa = PBXBuildFile; fileRef = A396E73D22A792B30034B9BC /* Assets.xcassets */; };
		A396E74122A792B30034B9BC /* LaunchScreen.storyboard in Resources */ = {isa = PBXBuildFile; fileRef = A396E73F22A792B30034B9BC /* LaunchScreen.storyboard */; };
		A396E74C22A792B30034B9BC /* HelloDataTests.swift in Sources */ = {isa = PBXBuildFile; fileRef = A396E74B22A792B30034B9BC /* HelloDataTests.swift */; };
		A396E75722A792B30034B9BC /* HelloDataUITests.swift in Sources */ = {isa = PBXBuildFile; fileRef = A396E75622A792B30034B9BC /* HelloDataUITests.swift */; };
/* End PBXBuildFile section */

/* Begin PBXContainerItemProxy section */
		A396E74822A792B30034B9BC /* PBXContainerItemProxy */ = {
			isa = PBXContainerItemProxy;
			containerPortal = A396E72B22A792B10034B9BC /* Project object */;
			proxyType = 1;
			remoteGlobalIDString = A396E73222A792B10034B9BC;
			remoteInfo = HelloData;
		};
		A396E75322A792B30034B9BC /* PBXContainerItemProxy */ = {
			isa = PBXContainerItemProxy;
			containerPortal = A396E72B22A792B10034B9BC /* Project object */;
			proxyType = 1;
			remoteGlobalIDString = A396E73222A792B10034B9BC;
			remoteInfo = HelloData;
		};
/* End PBXContainerItemProxy section */

/* Begin PBXFileReference section */
		A396E73322A792B10034B9BC /* HelloData.app */ = {isa = PBXFileReference; explicitFileType = wrapper.application; includeInIndex = 0; path = HelloData.app; sourceTree = BUILT_PRODUCTS_DIR; };
		A396E73622A792B10034B9BC /* AppDelegate.swift */ = {isa = PBXFileReference; lastKnownFileType = sourcecode.swift; path = AppDelegate.swift; sourceTree = "<group>"; };
		A396E73822A792B10034B9BC /* ViewController.swift */ = {isa = PBXFileReference; lastKnownFileType = sourcecode.swift; path = ViewController.swift; sourceTree = "<group>"; };
		A396E73B22A792B10034B9BC /* Base */ = {isa = PBXFileReference; lastKnownFileType = file.storyboard; name = Base; path = Base.lproj/Main.storyboard; sourceTree = "<group>"; };
		A396E73D22A792B30034B9BC /* Assets.xcassets */ = {isa = PBXFileReference; lastKnownFileType = folder.assetcatalog; path = Assets.xcassets; sourceTree = "<group>"; };
		A396E74022A792B30034B9BC /* Base */ = {isa = PBXFileReference; lastKnownFileType = file.storyboard; name = Base; path = Base.lproj/LaunchScreen.storyboard; sourceTree = "<group>"; };
		A396E74222A792B30034B9BC /* Info.plist */ = {isa = PBXFileReference; lastKnownFileType = text.plist.xml; path = Info.plist; sourceTree = "<group>"; };
		A396E74722A792B30034B9BC /* HelloDataTests.xctest */ = {isa = PBXFileReference; explicitFileType = wrapper.cfbundle; includeInIndex = 0; path = HelloDataTests.xctest; sourceTree = BUILT_PRODUCTS_DIR; };
		A396E74B22A792B30034B9BC /* HelloDataTests.swift */ = {isa = PBXFileReference; lastKnownFileType = sourcecode.swift; path = HelloDataTests.swift; sourceTree = "<group>"; };
		A396E74D22A792B30034B9BC /* Info.plist */ = {isa = PBXFileReference; lastKnownFileType = text.plist.xml; path = Info.plist; sourceTree = "<group>"; };
		A396E75222A792B30034B9BC /* HelloDataUITests.xctest */ = {isa = PBXFileReference; explicitFileType = wrapper.cfbundle; includeInIndex = 0; path = HelloDataUITests.xctest; sourceTree = BUILT_PRODUCTS_DIR; };
		A396E75622A792B30034B9BC /* HelloDataUITests.swift */ = {isa = PBXFileReference; lastKnownFileType = sourcecode.swift; path = HelloDataUITests.swift; sourceTree = "<group>"; };
		A396E75822A792B30034B9BC /* Info.plist */ = {isa = PBXFileReference; lastKnownFileType = text.plist.xml; path = Info.plist; sourceTree = "<group>"; };
/* End PBXFileReference section */

/* Begin PBXFrameworksBuildPhase section */
		A396E73022A792B10034B9BC /* Frameworks */ = {
			isa = PBXFrameworksBuildPhase;
			buildActionMask = 2147483647;
			files = (
			);
			runOnlyForDeploymentPostprocessing = 0;
		};
		A396E74422A792B30034B9BC /* Frameworks */ = {
			isa = PBXFrameworksBuildPhase;
			buildActionMask = 2147483647;
			files = (
			);
			runOnlyForDeploymentPostprocessing = 0;
		};
		A396E74F22A792B30034B9BC /* Frameworks */ = {
			isa = PBXFrameworksBuildPhase;
			buildActionMask = 2147483647;
			files = (
			);
			runOnlyForDeploymentPostprocessing = 0;
		};
/* End PBXFrameworksBuildPhase section */

/* Begin PBXGroup section */
		A396E72A22A792B10034B9BC = {
			isa = PBXGroup;
			children = (
				A396E73522A792B10034B9BC /* HelloData */,
				A396E74A22A792B30034B9BC /* HelloDataTests */,
				A396E75522A792B30034B9BC /* HelloDataUITests */,
				A396E73422A792B10034B9BC /* Products */,
			);
			sourceTree = "<group>";
		};
		A396E73422A792B10034B9BC /* Products */ = {
			isa = PBXGroup;
			children = (
				A396E73322A792B10034B9BC /* HelloData.app */,
				A396E74722A792B30034B9BC /* HelloDataTests.xctest */,
				A396E75222A792B30034B9BC /* HelloDataUITests.xctest */,
			);
			name = Products;
			sourceTree = "<group>";
		};
		A396E73522A792B10034B9BC /* HelloData */ = {
			isa = PBXGroup;
			children = (
				A396E73622A792B10034B9BC /* AppDelegate.swift */,
				A396E73822A792B10034B9BC /* ViewController.swift */,
				A396E73A22A792B10034B9BC /* Main.storyboard */,
				A396E73D22A792B30034B9BC /* Assets.xcassets */,
				A396E73F22A792B30034B9BC /* LaunchScreen.storyboard */,
				A396E74222A792B30034B9BC /* Info.plist */,
			);
			path = HelloData;
			sourceTree = "<group>";
		};
		A396E74A22A792B30034B9BC /* HelloDataTests */ = {
			isa = PBXGroup;
			children = (
				A396E74B22A792B30034B9BC /* HelloDataTests.swift */,
				A396E74D22A792B30034B9BC /* Info.plist */,
			);
			path = HelloDataTests;
			sourceTree = "<group>";
		};
		A396E75522A792B30034B9BC /* HelloDataUITests */ = {
			isa = PBXGroup;
			children = (
				A396E75622A792B30034B9BC /* HelloDataUITests.swift */,
				A396E75822A792B30034B9BC /* Info.plist */,
			);
			path = HelloDataUITests;
			sourceTree = "<group>";
		};
/* End PBXGroup section */

/* Begin PBXNativeTarget section */
		A396E73222A792B10034B9BC /* HelloData */ = {
			isa = PBXNativeTarget;
			buildConfigurationList = A396E75B22A792B30034B9BC /* Build configuration list for PBXNativeTarget "HelloData" */;
			buildPhases = (
				A396E72F22A792B10034B9BC /* Sources */,
				A396E73022A792B10034B9BC /* Frameworks */,
				A396E73122A792B10034B9BC /* Resources */,
			);
			buildRules = (
			);
			dependencies = (
			);
			name = HelloData;
			productName = HelloData;
			productReference = A396E73322A792B10034B9BC /* HelloData.app */;
			productType = "com.apple.product-type.application";
		};
		A396E74622A792B30034B9BC /* HelloDataTests */ = {
			isa = PBXNativeTarget;
			buildConfigurationList = A396E75E22A792B30034B9BC /* Build configuration list for PBXNativeTarget "HelloDataTests" */;
			buildPhases = (
				A396E74322A792B30034B9BC /* Sources */,
				A396E74422A792B30034B9BC /* Frameworks */,
				A396E74522A792B30034B9BC /* Resources */,
			);
			buildRules = (
			);
			dependencies = (
				A396E74922A792B30034B9BC /* PBXTargetDependency */,
			);
			name = HelloDataTests;
			productName = HelloDataTests;
			productReference = A396E74722A792B30034B9BC /* HelloDataTests.xctest */;
			productType = "com.apple.product-type.bundle.unit-test";
		};
		A396E75122A792B30034B9BC /* HelloDataUITests */ = {
			isa = PBXNativeTarget;
			buildConfigurationList = A396E76122A792B30034B9BC /* Build configuration list for PBXNativeTarget "HelloDataUITests" */;
			buildPhases = (
				A396E74E22A792B30034B9BC /* Sources */,
				A396E74F22A792B30034B9BC /* Frameworks */,
				A396E75022A792B30034B9BC /* Resources */,
			);
			buildRules = (
			);
			dependencies = (
				A396E75422A792B30034B9BC /* PBXTargetDependency */,
			);
			name = HelloDataUITests;
			productName = HelloDataUITests;
			productReference = A396E75222A792B30034B9BC /* HelloDataUITests.xctest */;
			productType = "com.apple.product-type.bundle.ui-testing";
		};
/* End PBXNativeTarget section */

/* Begin PBXProject section */
		A396E72B22A792B10034B9BC /* Project object */ = {
			isa = PBXProject;
			attributes = {
				LastSwiftUpdateCheck = 1020;
				LastUpgradeCheck = 1020;
				ORGANIZATIONNAME = sunny;
				TargetAttributes = {
					A396E73222A792B10034B9BC = {
						CreatedOnToolsVersion = 10.2.1;
					};
					A396E74622A792B30034B9BC = {
						CreatedOnToolsVersion = 10.2.1;
						TestTargetID = A396E73222A792B10034B9BC;
					};
					A396E75122A792B30034B9BC = {
						CreatedOnToolsVersion = 10.2.1;
						TestTargetID = A396E73222A792B10034B9BC;
					};
				};
			};
			buildConfigurationList = A396E72E22A792B10034B9BC /* Build configuration list for PBXProject "HelloData" */;
			compatibilityVersion = "Xcode 9.3";
			developmentRegion = en;
			hasScannedForEncodings = 0;
			knownRegions = (
				en,
				Base,
			);
			mainGroup = A396E72A22A792B10034B9BC;
			productRefGroup = A396E73422A792B10034B9BC /* Products */;
			projectDirPath = "";
			projectRoot = "";
			targets = (
				A396E73222A792B10034B9BC /* HelloData */,
				A396E74622A792B30034B9BC /* HelloDataTests */,
				A396E75122A792B30034B9BC /* HelloDataUITests */,
			);
		};
/* End PBXProject section */

/* Begin PBXResourcesBuildPhase section */
		A396E73122A792B10034B9BC /* Resources */ = {
			isa = PBXResourcesBuildPhase;
			buildActionMask = 2147483647;
			files = (
				A396E74122A792B30034B9BC /* LaunchScreen.storyboard in Resources */,
				A396E73E22A792B30034B9BC /* Assets.xcassets in Resources */,
				A396E73C22A792B10034B9BC /* Main.storyboard in Resources */,
			);
			runOnlyForDeploymentPostprocessing = 0;
		};
		A396E74522A792B30034B9BC /* Resources */ = {
			isa = PBXResourcesBuildPhase;
			buildActionMask = 2147483647;
			files = (
			);
			runOnlyForDeploymentPostprocessing = 0;
		};
		A396E75022A792B30034B9BC /* Resources */ = {
			isa = PBXResourcesBuildPhase;
			buildActionMask = 2147483647;
			files = (
			);
			runOnlyForDeploymentPostprocessing = 0;
		};
/* End PBXResourcesBuildPhase section */

/* Begin PBXSourcesBuildPhase section */
		A396E72F22A792B10034B9BC /* Sources */ = {
			isa = PBXSourcesBuildPhase;
			buildActionMask = 2147483647;
			files = (
				A396E73922A792B10034B9BC /* ViewController.swift in Sources */,
				A396E73722A792B10034B9BC /* AppDelegate.swift in Sources */,
			);
			runOnlyForDeploymentPostprocessing = 0;
		};
		A396E74322A792B30034B9BC /* Sources */ = {
			isa = PBXSourcesBuildPhase;
			buildActionMask = 2147483647;
			files = (
				A396E74C22A792B30034B9BC /* HelloDataTests.swift in Sources */,
			);
			runOnlyForDeploymentPostprocessing = 0;
		};
		A396E74E22A792B30034B9BC /* Sources */ = {
			isa = PBXSourcesBuildPhase;
			buildActionMask = 2147483647;
			files = (
				A396E75722A792B30034B9BC /* HelloDataUITests.swift in Sources */,
			);
			runOnlyForDeploymentPostprocessing = 0;
		};
/* End PBXSourcesBuildPhase section */

/* Begin PBXTargetDependency section */
		A396E74922A792B30034B9BC /* PBXTargetDependency */ = {
			isa = PBXTargetDependency;
			target = A396E73222A792B10034B9BC /* HelloData */;
			targetProxy = A396E74822A792B30034B9BC /* PBXContainerItemProxy */;
		};
		A396E75422A792B30034B9BC /* PBXTargetDependency */ = {
			isa = PBXTargetDependency;
			target = A396E73222A792B10034B9BC /* HelloData */;
			targetProxy = A396E75322A792B30034B9BC /* PBXContainerItemProxy */;
		};
/* End PBXTargetDependency section */

/* Begin PBXVariantGroup section */
		A396E73A22A792B10034B9BC /* Main.storyboard */ = {
			isa = PBXVariantGroup;
			children = (
				A396E73B22A792B10034B9BC /* Base */,
			);
			name = Main.storyboard;
			sourceTree = "<group>";
		};
		A396E73F22A792B30034B9BC /* LaunchScreen.storyboard */ = {
			isa = PBXVariantGroup;
			children = (
				A396E74022A792B30034B9BC /* Base */,
			);
			name = LaunchScreen.storyboard;
			sourceTree = "<group>";
		};
/* End PBXVariantGroup section */

/* Begin XCBuildConfiguration section */
		A396E75922A792B30034B9BC /* Debug */ = {
			isa = XCBuildConfiguration;
			buildSettings = {
				ALWAYS_SEARCH_USER_PATHS = NO;
				CLANG_ANALYZER_NONNULL = YES;
				CLANG_ANALYZER_NUMBER_OBJECT_CONVERSION = YES_AGGRESSIVE;
				CLANG_CXX_LANGUAGE_STANDARD = "gnu++14";
				CLANG_CXX_LIBRARY = "libc++";
				CLANG_ENABLE_MODULES = YES;
				CLANG_ENABLE_OBJC_ARC = YES;
				CLANG_ENABLE_OBJC_WEAK = YES;
				CLANG_WARN_BLOCK_CAPTURE_AUTORELEASING = YES;
				CLANG_WARN_BOOL_CONVERSION = YES;
				CLANG_WARN_COMMA = YES;
				CLANG_WARN_CONSTANT_CONVERSION = YES;
				CLANG_WARN_DEPRECATED_OBJC_IMPLEMENTATIONS = YES;
				CLANG_WARN_DIRECT_OBJC_ISA_USAGE = YES_ERROR;
				CLANG_WARN_DOCUMENTATION_COMMENTS = YES;
				CLANG_WARN_EMPTY_BODY = YES;
				CLANG_WARN_ENUM_CONVERSION = YES;
				CLANG_WARN_INFINITE_RECURSION = YES;
				CLANG_WARN_INT_CONVERSION = YES;
				CLANG_WARN_NON_LITERAL_NULL_CONVERSION = YES;
				CLANG_WARN_OBJC_IMPLICIT_RETAIN_SELF = YES;
				CLANG_WARN_OBJC_LITERAL_CONVERSION = YES;
				CLANG_WARN_OBJC_ROOT_CLASS = YES_ERROR;
				CLANG_WARN_RANGE_LOOP_ANALYSIS = YES;
				CLANG_WARN_STRICT_PROTOTYPES = YES;
				CLANG_WARN_SUSPICIOUS_MOVE = YES;
				CLANG_WARN_UNGUARDED_AVAILABILITY = YES_AGGRESSIVE;
				CLANG_WARN_UNREACHABLE_CODE = YES;
				CLANG_WARN__DUPLICATE_METHOD_MATCH = YES;
				CODE_SIGN_IDENTITY = "iPhone Developer";
				COPY_PHASE_STRIP = NO;
				DEBUG_INFORMATION_FORMAT = dwarf;
				ENABLE_STRICT_OBJC_MSGSEND = YES;
				ENABLE_TESTABILITY = YES;
				GCC_C_LANGUAGE_STANDARD = gnu11;
				GCC_DYNAMIC_NO_PIC = NO;
				GCC_NO_COMMON_BLOCKS = YES;
				GCC_OPTIMIZATION_LEVEL = 0;
				GCC_PREPROCESSOR_DEFINITIONS = (
					"DEBUG=1",
					"$(inherited)",
				);
				GCC_WARN_64_TO_32_BIT_CONVERSION = YES;
				GCC_WARN_ABOUT_RETURN_TYPE = YES_ERROR;
				GCC_WARN_UNDECLARED_SELECTOR = YES;
				GCC_WARN_UNINITIALIZED_AUTOS = YES_AGGRESSIVE;
				GCC_WARN_UNUSED_FUNCTION = YES;
				GCC_WARN_UNUSED_VARIABLE = YES;
				IPHONEOS_DEPLOYMENT_TARGET = 12.2;
				MTL_ENABLE_DEBUG_INFO = INCLUDE_SOURCE;
				MTL_FAST_MATH = YES;
				ONLY_ACTIVE_ARCH = YES;
				SDKROOT = iphoneos;
				SWIFT_ACTIVE_COMPILATION_CONDITIONS = DEBUG;
				SWIFT_OPTIMIZATION_LEVEL = "-Onone";
			};
			name = Debug;
		};
		A396E75A22A792B30034B9BC /* Release */ = {
			isa = XCBuildConfiguration;
			buildSettings = {
				ALWAYS_SEARCH_USER_PATHS = NO;
				CLANG_ANALYZER_NONNULL = YES;
				CLANG_ANALYZER_NUMBER_OBJECT_CONVERSION = YES_AGGRESSIVE;
				CLANG_CXX_LANGUAGE_STANDARD = "gnu++14";
				CLANG_CXX_LIBRARY = "libc++";
				CLANG_ENABLE_MODULES = YES;
				CLANG_ENABLE_OBJC_ARC = YES;
				CLANG_ENABLE_OBJC_WEAK = YES;
				CLANG_WARN_BLOCK_CAPTURE_AUTORELEASING = YES;
				CLANG_WARN_BOOL_CONVERSION = YES;
				CLANG_WARN_COMMA = YES;
				CLANG_WARN_CONSTANT_CONVERSION = YES;
				CLANG_WARN_DEPRECATED_OBJC_IMPLEMENTATIONS = YES;
				CLANG_WARN_DIRECT_OBJC_ISA_USAGE = YES_ERROR;
				CLANG_WARN_DOCUMENTATION_COMMENTS = YES;
				CLANG_WARN_EMPTY_BODY = YES;
				CLANG_WARN_ENUM_CONVERSION = YES;
				CLANG_WARN_INFINITE_RECURSION = YES;
				CLANG_WARN_INT_CONVERSION = YES;
				CLANG_WARN_NON_LITERAL_NULL_CONVERSION = YES;
				CLANG_WARN_OBJC_IMPLICIT_RETAIN_SELF = YES;
				CLANG_WARN_OBJC_LITERAL_CONVERSION = YES;
				CLANG_WARN_OBJC_ROOT_CLASS = YES_ERROR;
				CLANG_WARN_RANGE_LOOP_ANALYSIS = YES;
				CLANG_WARN_STRICT_PROTOTYPES = YES;
				CLANG_WARN_SUSPICIOUS_MOVE = YES;
				CLANG_WARN_UNGUARDED_AVAILABILITY = YES_AGGRESSIVE;
				CLANG_WARN_UNREACHABLE_CODE = YES;
				CLANG_WARN__DUPLICATE_METHOD_MATCH = YES;
				CODE_SIGN_IDENTITY = "iPhone Developer";
				COPY_PHASE_STRIP = NO;
				DEBUG_INFORMATION_FORMAT = "dwarf-with-dsym";
				ENABLE_NS_ASSERTIONS = NO;
				ENABLE_STRICT_OBJC_MSGSEND = YES;
				GCC_C_LANGUAGE_STANDARD = gnu11;
				GCC_NO_COMMON_BLOCKS = YES;
				GCC_WARN_64_TO_32_BIT_CONVERSION = YES;
				GCC_WARN_ABOUT_RETURN_TYPE = YES_ERROR;
				GCC_WARN_UNDECLARED_SELECTOR = YES;
				GCC_WARN_UNINITIALIZED_AUTOS = YES_AGGRESSIVE;
				GCC_WARN_UNUSED_FUNCTION = YES;
				GCC_WARN_UNUSED_VARIABLE = YES;
				IPHONEOS_DEPLOYMENT_TARGET = 12.2;
				MTL_ENABLE_DEBUG_INFO = NO;
				MTL_FAST_MATH = YES;
				SDKROOT = iphoneos;
				SWIFT_COMPILATION_MODE = wholemodule;
				SWIFT_OPTIMIZATION_LEVEL = "-O";
				VALIDATE_PRODUCT = YES;
			};
			name = Release;
		};
		A396E75C22A792B30034B9BC /* Debug */ = {
			isa = XCBuildConfiguration;
			buildSettings = {
				ASSETCATALOG_COMPILER_APPICON_NAME = AppIcon;
				CODE_SIGN_STYLE = Automatic;
				DEVELOPMENT_TEAM = L8J23M2B3X;
				INFOPLIST_FILE = HelloData/Info.plist;
				LD_RUNPATH_SEARCH_PATHS = (
					"$(inherited)",
					"@executable_path/Frameworks",
				);
				PRODUCT_BUNDLE_IDENTIFIER = sunny.com.HelloData;
				PRODUCT_NAME = "$(TARGET_NAME)";
				SWIFT_VERSION = 5.0;
				TARGETED_DEVICE_FAMILY = "1,2";
			};
			name = Debug;
		};
		A396E75D22A792B30034B9BC /* Release */ = {
			isa = XCBuildConfiguration;
			buildSettings = {
				ASSETCATALOG_COMPILER_APPICON_NAME = AppIcon;
				CODE_SIGN_STYLE = Automatic;
				DEVELOPMENT_TEAM = L8J23M2B3X;
				INFOPLIST_FILE = HelloData/Info.plist;
				LD_RUNPATH_SEARCH_PATHS = (
					"$(inherited)",
					"@executable_path/Frameworks",
				);
				PRODUCT_BUNDLE_IDENTIFIER = sunny.com.HelloData;
				PRODUCT_NAME = "$(TARGET_NAME)";
				SWIFT_VERSION = 5.0;
				TARGETED_DEVICE_FAMILY = "1,2";
			};
			name = Release;
		};
		A396E75F22A792B30034B9BC /* Debug */ = {
			isa = XCBuildConfiguration;
			buildSettings = {
				ALWAYS_EMBED_SWIFT_STANDARD_LIBRARIES = YES;
				BUNDLE_LOADER = "$(TEST_HOST)";
				CODE_SIGN_STYLE = Automatic;
				DEVELOPMENT_TEAM = L8J23M2B3X;
				INFOPLIST_FILE = HelloDataTests/Info.plist;
				LD_RUNPATH_SEARCH_PATHS = (
					"$(inherited)",
					"@executable_path/Frameworks",
					"@loader_path/Frameworks",
				);
				PRODUCT_BUNDLE_IDENTIFIER = sunny.com.HelloDataTests;
				PRODUCT_NAME = "$(TARGET_NAME)";
				SWIFT_VERSION = 5.0;
				TARGETED_DEVICE_FAMILY = "1,2";
				TEST_HOST = "$(BUILT_PRODUCTS_DIR)/HelloData.app/HelloData";
			};
			name = Debug;
		};
		A396E76022A792B30034B9BC /* Release */ = {
			isa = XCBuildConfiguration;
			buildSettings = {
				ALWAYS_EMBED_SWIFT_STANDARD_LIBRARIES = YES;
				BUNDLE_LOADER = "$(TEST_HOST)";
				CODE_SIGN_STYLE = Automatic;
				DEVELOPMENT_TEAM = L8J23M2B3X;
				INFOPLIST_FILE = HelloDataTests/Info.plist;
				LD_RUNPATH_SEARCH_PATHS = (
					"$(inherited)",
					"@executable_path/Frameworks",
					"@loader_path/Frameworks",
				);
				PRODUCT_BUNDLE_IDENTIFIER = sunny.com.HelloDataTests;
				PRODUCT_NAME = "$(TARGET_NAME)";
				SWIFT_VERSION = 5.0;
				TARGETED_DEVICE_FAMILY = "1,2";
				TEST_HOST = "$(BUILT_PRODUCTS_DIR)/HelloData.app/HelloData";
			};
			name = Release;
		};
		A396E76222A792B30034B9BC /* Debug */ = {
			isa = XCBuildConfiguration;
			buildSettings = {
				ALWAYS_EMBED_SWIFT_STANDARD_LIBRARIES = YES;
				CODE_SIGN_STYLE = Automatic;
				DEVELOPMENT_TEAM = L8J23M2B3X;
				INFOPLIST_FILE = HelloDataUITests/Info.plist;
				LD_RUNPATH_SEARCH_PATHS = (
					"$(inherited)",
					"@executable_path/Frameworks",
					"@loader_path/Frameworks",
				);
				PRODUCT_BUNDLE_IDENTIFIER = sunny.com.HelloDataUITests;
				PRODUCT_NAME = "$(TARGET_NAME)";
				SWIFT_VERSION = 5.0;
				TARGETED_DEVICE_FAMILY = "1,2";
				TEST_TARGET_NAME = HelloData;
			};
			name = Debug;
		};
		A396E76322A792B30034B9BC /* Release */ = {
			isa = XCBuildConfiguration;
			buildSettings = {
				ALWAYS_EMBED_SWIFT_STANDARD_LIBRARIES = YES;
				CODE_SIGN_STYLE = Automatic;
				DEVELOPMENT_TEAM = L8J23M2B3X;
				INFOPLIST_FILE = HelloDataUITests/Info.plist;
				LD_RUNPATH_SEARCH_PATHS = (
					"$(inherited)",
					"@executable_path/Frameworks",
					"@loader_path/Frameworks",
				);
				PRODUCT_BUNDLE_IDENTIFIER = sunny.com.HelloDataUITests;
				PRODUCT_NAME = "$(TARGET_NAME)";
				SWIFT_VERSION = 5.0;
				TARGETED_DEVICE_FAMILY = "1,2";
				TEST_TARGET_NAME = HelloData;
			};
			name = Release;
		};
/* End XCBuildConfiguration section */

/* Begin XCConfigurationList section */
		A396E72E22A792B10034B9BC /* Build configuration list for PBXProject "HelloData" */ = {
			isa = XCConfigurationList;
			buildConfigurations = (
				A396E75922A792B30034B9BC /* Debug */,
				A396E75A22A792B30034B9BC /* Release */,
			);
			defaultConfigurationIsVisible = 0;
			defaultConfigurationName = Release;
		};
		A396E75B22A792B30034B9BC /* Build configuration list for PBXNativeTarget "HelloData" */ = {
			isa = XCConfigurationList;
			buildConfigurations = (
				A396E75C22A792B30034B9BC /* Debug */,
				A396E75D22A792B30034B9BC /* Release */,
			);
			defaultConfigurationIsVisible = 0;
			defaultConfigurationName = Release;
		};
		A396E75E22A792B30034B9BC /* Build configuration list for PBXNativeTarget "HelloDataTests" */ = {
			isa = XCConfigurationList;
			buildConfigurations = (
				A396E75F22A792B30034B9BC /* Debug */,
				A396E76022A792B30034B9BC /* Release */,
			);
			defaultConfigurationIsVisible = 0;
			defaultConfigurationName = Release;
		};
		A396E76122A792B30034B9BC /* Build configuration list for PBXNativeTarget "HelloDataUITests" */ = {
			isa = XCConfigurationList;
			buildConfigurations = (
				A396E76222A792B30034B9BC /* Debug */,
				A396E76322A792B30034B9BC /* Release */,
			);
			defaultConfigurationIsVisible = 0;
			defaultConfigurationName = Release;
		};
/* End XCConfigurationList section */
	};
	rootObject = A396E72B22A792B10034B9BC /* Project object */;
}
